
Microsoft Visual Studio Solution File, Format Version 12.00
# Visual Studio Version 17
VisualStudioVersion = 17.3.32922.545
MinimumVisualStudioVersion = 10.0.40219.1
Project("{FAE04EC0-301F-11D3-BF4B-00C04F79EFBC}") = "SingleResponsibility", "SingleResponsibility\SingleResponsibility.csproj", "{E777AA0D-3C3A-4FBB-947E-AF67DC6D0CA1}"
EndProject
Project("{FAE04EC0-301F-11D3-BF4B-00C04F79EFBC}") = "OpenClosed", "OpenClosed\OpenClosed.csproj", "{57971591-B817-4E0B-B3EC-26E9B8D3E0C7}"
EndProject
Project("{FAE04EC0-301F-11D3-BF4B-00C04F79EFBC}") = "LiskovSubstitution", "LiskovSubstitution\LiskovSubstitution.csproj", "{4DFAA30E-19BE-435C-BD0A-D103E679F46E}"
EndProject
Project("{FAE04EC0-301F-11D3-BF4B-00C04F79EFBC}") = "SıfrelemeKotu", "SıfrelemeKotu\SıfrelemeKotu.csproj", "{20FDA8AE-C8C3-45A1-A435-D7CBE077962D}"
EndProject
Global
	GlobalSection(SolutionConfigurationPlatforms) = preSolution
		Debug|Any CPU = Debug|Any CPU
		Release|Any CPU = Release|Any CPU
	EndGlobalSection
	GlobalSection(ProjectConfigurationPlatforms) = postSolution
		{E777AA0D-3C3A-4FBB-947E-AF67DC6D0CA1}.Debug|Any CPU.ActiveCfg = Debug|Any CPU
		{E777AA0D-3C3A-4FBB-947E-AF67DC6D0CA1}.Debug|Any CPU.Build.0 = Debug|Any CPU
		{E777AA0D-3C3A-4FBB-947E-AF67DC6D0CA1}.Release|Any CPU.ActiveCfg = Release|Any CPU
		{E777AA0D-3C3A-4FBB-947E-AF67DC6D0CA1}.Release|Any CPU.Build.0 = Release|Any CPU
		{57971591-B817-4E0B-B3EC-26E9B8D3E0C7}.Debug|Any CPU.ActiveCfg = Debug|Any CPU
		{57971591-B817-4E0B-B3EC-26E9B8D3E0C7}.Debug|Any CPU.Build.0 = Debug|Any CPU
		{57971591-B817-4E0B-B3EC-26E9B8D3E0C7}.Release|Any CPU.ActiveCfg = Release|Any CPU
		{57971591-B817-4E0B-B3EC-26E9B8D3E0C7}.Release|Any CPU.Build.0 = Release|Any CPU
		{4DFAA30E-19BE-435C-BD0A-D103E679F46E}.Debug|Any CPU.ActiveCfg = Debug|Any CPU
		{4DFAA30E-19BE-435C-BD0A-D103E679F46E}.Debug|Any CPU.Build.0 = Debug|Any CPU
		{4DFAA30E-19BE-435C-BD0A-D103E679F46E}.Release|Any CPU.ActiveCfg = Release|Any CPU
		{4DFAA30E-19BE-435C-BD0A-D103E679F46E}.Release|Any CPU.Build.0 = Release|Any CPU
		{20FDA8AE-C8C3-45A1-A435-D7CBE077962D}.Debug|Any CPU.ActiveCfg = Debug|Any CPU
		{20FDA8AE-C8C3-45A1-A435-D7CBE077962D}.Debug|Any CPU.Build.0 = Debug|Any CPU
		{20FDA8AE-C8C3-45A1-A435-D7CBE077962D}.Release|Any CPU.ActiveCfg = Release|Any CPU
		{20FDA8AE-C8C3-45A1-A435-D7CBE077962D}.Release|Any CPU.Build.0 = Release|Any CPU
	EndGlobalSection
	GlobalSection(SolutionProperties) = preSolution
		HideSolutionNode = FALSE
	EndGlobalSection
	GlobalSection(ExtensibilityGlobals) = postSolution
		SolutionGuid = {209A234C-7334-4D58-BBD1-0B07EF4839BF}
	EndGlobalSection
EndGlobal
